
Microsoft Visual Studio Solution File, Format Version 12.00
# Visual Studio Version 16
VisualStudioVersion = 16.0.30104.148
MinimumVisualStudioVersion = 10.0.40219.1
Project("{F2A71F9B-5D33-465A-A702-920D77279786}") = "FSharpCalculator", "FSharpCalculator\FSharpCalculator.fsproj", "{B4907F0D-9E77-400D-A7B3-98848C63846A}"
EndProject
Global
	GlobalSection(SolutionConfigurationPlatforms) = preSolution
		Debug|Any CPU = Debug|Any CPU
		Release|Any CPU = Release|Any CPU
	EndGlobalSection
	GlobalSection(ProjectConfigurationPlatforms) = postSolution
		{B4907F0D-9E77-400D-A7B3-98848C63846A}.Debug|Any CPU.ActiveCfg = Debug|Any CPU
		{B4907F0D-9E77-400D-A7B3-98848C63846A}.Debug|Any CPU.Build.0 = Debug|Any CPU
		{B4907F0D-9E77-400D-A7B3-98848C63846A}.Release|Any CPU.ActiveCfg = Release|Any CPU
		{B4907F0D-9E77-400D-A7B3-98848C63846A}.Release|Any CPU.Build.0 = Release|Any CPU
	EndGlobalSection
	GlobalSection(SolutionProperties) = preSolution
		HideSolutionNode = FALSE
	EndGlobalSection
	GlobalSection(ExtensibilityGlobals) = postSolution
		SolutionGuid = {BF98DBB4-2EF6-4E53-9714-3D9A1C64E0BC}
	EndGlobalSection
EndGlobal
